<?xml version="1.0" encoding="utf-8"?>
<Project ToolsVersion="4.0" xmlns="http://schemas.microsoft.com/developer/msbuild/2003">
  <ItemGroup>
    <Filter Include="ソース ファイル">
      <UniqueIdentifier>{4FC737F1-C7A5-4376-A066-2A32D752A2FF}</UniqueIdentifier>
      <Extensions>cpp;c;cc;cxx;c++;cppm;ixx;def;odl;idl;hpj;bat;asm;asmx</Extensions>
    </Filter>
    <Filter Include="ヘッダー ファイル">
      <UniqueIdentifier>{93995380-89BD-4b04-88EB-625FBE52EBFB}</UniqueIdentifier>
      <Extensions>h;hh;hpp;hxx;h++;hm;inl;inc;ipp;xsd</Extensions>
    </Filter>
    <Filter Include="リソース ファイル">
      <UniqueIdentifier>{67DA6AB6-F800-4c08-8B7A-83BB121AAD01}</UniqueIdentifier>
      <Extensions>rc;ico;cur;bmp;dlg;rc2;rct;bin;rgs;gif;jpg;jpeg;jpe;resx;tiff;tif;png;wav;mfcribbon-ms</Extensions>
    </Filter>
    <Filter Include="ヘッダー ファイル\component">
      <UniqueIdentifier>{c7e74f98-19c4-4801-aa62-91e0e05fba4e}</UniqueIdentifier>
    </Filter>
    <Filter Include="ソース ファイル\component">
      <UniqueIdentifier>{da7fd4b6-ef85-4871-9e4d-51d5e41f03f2}</UniqueIdentifier>
    </Filter>
    <Filter Include="ヘッダー ファイル\baseclass">
      <UniqueIdentifier>{e8618c99-b62d-4700-9d61-90d8a1037dde}</UniqueIdentifier>
    </Filter>
    <Filter Include="ソース ファイル\baseclass">
      <UniqueIdentifier>{99c9756a-749c-4f69-a8a9-c37bf8602e0f}</UniqueIdentifier>
    </Filter>
    <Filter Include="ソース ファイル\scene">
      <UniqueIdentifier>{8e61e31b-075a-45e7-9bf9-87bea25780c7}</UniqueIdentifier>
    </Filter>
    <Filter Include="ヘッダー ファイル\scene">
      <UniqueIdentifier>{8f8334c2-1ec9-4fd2-9765-3ae0e318ab94}</UniqueIdentifier>
    </Filter>
    <Filter Include="ヘッダー ファイル\system">
      <UniqueIdentifier>{5969ceb2-6dc0-4b91-b5fc-5096d120916d}</UniqueIdentifier>
    </Filter>
    <Filter Include="ヘッダー ファイル\skydome">
      <UniqueIdentifier>{b0f5507d-6bee-4aea-8351-185472460a1a}</UniqueIdentifier>
    </Filter>
    <Filter Include="ソース ファイル\skydome">
      <UniqueIdentifier>{e09c3a59-a723-4a22-b8cb-d67897450cfa}</UniqueIdentifier>
    </Filter>
    <Filter Include="ヘッダー ファイル\polygon2D">
      <UniqueIdentifier>{6791a61f-add0-410b-862a-0734c3fab6e0}</UniqueIdentifier>
    </Filter>
    <Filter Include="ソース ファイル\polygon2D">
      <UniqueIdentifier>{22def913-613a-4af9-9dac-cd39599cc89c}</UniqueIdentifier>
    </Filter>
    <Filter Include="ヘッダー ファイル\camera">
      <UniqueIdentifier>{0c607fd6-56af-4dc3-8e46-e0c9420a1280}</UniqueIdentifier>
    </Filter>
    <Filter Include="ソース ファイル\camera">
      <UniqueIdentifier>{1877b533-ed36-4e70-a64c-2e41968c5792}</UniqueIdentifier>
    </Filter>
    <Filter Include="ヘッダー ファイル\enemy">
      <UniqueIdentifier>{6ab0952d-7f68-4272-984a-a8294b8b2f82}</UniqueIdentifier>
    </Filter>
    <Filter Include="ソース ファイル\enemy">
      <UniqueIdentifier>{751cfc8a-c4bd-4359-a6a9-6df9edc3f72a}</UniqueIdentifier>
    </Filter>
    <Filter Include="ヘッダー ファイル\particle">
      <UniqueIdentifier>{3c86da8c-01c4-44bb-b2d8-792b064d1b76}</UniqueIdentifier>
    </Filter>
    <Filter Include="ヘッダー ファイル\enemyattack">
      <UniqueIdentifier>{4489129d-9567-4db4-b8fa-28d934feb899}</UniqueIdentifier>
    </Filter>
    <Filter Include="ソース ファイル\billboard">
      <UniqueIdentifier>{6900e292-11c3-4cef-be8b-583437b8b578}</UniqueIdentifier>
    </Filter>
    <Filter Include="ヘッダー ファイル\billboard">
      <UniqueIdentifier>{540b2da4-4a07-4b96-a877-1d52128263d4}</UniqueIdentifier>
    </Filter>
    <Filter Include="ソース ファイル\actor">
      <UniqueIdentifier>{449cdfb1-bb15-4760-a3bb-cf755643b87b}</UniqueIdentifier>
    </Filter>
  </ItemGroup>
  <ItemGroup>
    <ClCompile Include="main.cpp">
      <Filter>ソース ファイル</Filter>
    </ClCompile>
    <ClCompile Include="manager.cpp">
      <Filter>ソース ファイル</Filter>
    </ClCompile>
    <ClCompile Include="renderer.cpp">
      <Filter>ソース ファイル</Filter>
    </ClCompile>
    <ClCompile Include="input.cpp">
      <Filter>ソース ファイル</Filter>
    </ClCompile>
    <ClCompile Include="sharder.cpp">
      <Filter>ソース ファイル\component</Filter>
    </ClCompile>
    <ClCompile Include="player.cpp">
      <Filter>ソース ファイル</Filter>
    </ClCompile>
    <ClCompile Include="audio.cpp">
      <Filter>ソース ファイル</Filter>
    </ClCompile>
    <ClCompile Include="game.cpp">
      <Filter>ソース ファイル</Filter>
    </ClCompile>
    <ClCompile Include="actor.cpp">
      <Filter>ソース ファイル\baseclass</Filter>
    </ClCompile>
    <ClCompile Include="Polygon2D.cpp">
      <Filter>ソース ファイル\baseclass</Filter>
    </ClCompile>
    <ClCompile Include="skydome.cpp">
      <Filter>ソース ファイル\baseclass</Filter>
    </ClCompile>
    <ClCompile Include="title.cpp">
      <Filter>ソース ファイル\scene</Filter>
    </ClCompile>
    <ClCompile Include="scene.cpp">
      <Filter>ソース ファイル\baseclass</Filter>
    </ClCompile>
    <ClCompile Include="camera.cpp">
      <Filter>ソース ファイル\baseclass</Filter>
    </ClCompile>
    <ClCompile Include="modelRenderer.cpp">
      <Filter>ソース ファイル\component</Filter>
    </ClCompile>
    <ClCompile Include="player_camera.cpp">
      <Filter>ソース ファイル\camera</Filter>
    </ClCompile>
    <ClCompile Include="network.cpp">
      <Filter>ソース ファイル</Filter>
    </ClCompile>
    <ClCompile Include="udp_client.cpp">
      <Filter>ソース ファイル</Filter>
    </ClCompile>
    <ClCompile Include="udp_server.cpp">
      <Filter>ソース ファイル</Filter>
    </ClCompile>
    <ClCompile Include="otherplayer.cpp">
      <Filter>ソース ファイル</Filter>
    </ClCompile>
    <ClCompile Include="easing.cpp">
      <Filter>ソース ファイル</Filter>
    </ClCompile>
    <ClCompile Include="animation.cpp">
      <Filter>ソース ファイル\component</Filter>
    </ClCompile>
    <ClCompile Include="enemybase.cpp">
      <Filter>ソース ファイル\baseclass</Filter>
    </ClCompile>
    <ClCompile Include="animationModel.cpp">
      <Filter>ソース ファイル</Filter>
    </ClCompile>
    <ClCompile Include="collision.cpp">
      <Filter>ソース ファイル\component</Filter>
    </ClCompile>
    <ClCompile Include="particleEmiter.cpp">
      <Filter>ソース ファイル\baseclass</Filter>
    </ClCompile>
    <ClCompile Include="billboard.cpp">
      <Filter>ソース ファイル\component</Filter>
    </ClCompile>
    <ClCompile Include="firepillar.cpp">
      <Filter>ソース ファイル\actor</Filter>
    </ClCompile>
    <ClCompile Include="fade.cpp">
      <Filter>ソース ファイル</Filter>
    </ClCompile>
    <ClCompile Include="player_state.cpp">
      <Filter>ソース ファイル</Filter>
    </ClCompile>
    <ClCompile Include="result.cpp">
      <Filter>ソース ファイル\scene</Filter>
    </ClCompile>
    <ClCompile Include="gameclear.cpp">
      <Filter>ソース ファイル</Filter>
    </ClCompile>
    <ClCompile Include="gameover.cpp">
      <Filter>ソース ファイル</Filter>
    </ClCompile>
    <ClCompile Include="meshfiled.cpp">
      <Filter>ソース ファイル\baseclass</Filter>
    </ClCompile>
  </ItemGroup>
  <ItemGroup>
    <ClInclude Include="DirectXTex.h">
      <Filter>ヘッダー ファイル</Filter>
    </ClInclude>
    <ClInclude Include="renderer.h">
      <Filter>ヘッダー ファイル</Filter>
    </ClInclude>
    <ClInclude Include="manager.h">
      <Filter>ヘッダー ファイル</Filter>
    </ClInclude>
    <ClInclude Include="main.h">
      <Filter>ヘッダー ファイル</Filter>
    </ClInclude>
    <ClInclude Include="gameobj.h">
      <Filter>ヘッダー ファイル</Filter>
    </ClInclude>
    <ClInclude Include="player.h">
      <Filter>ヘッダー ファイル</Filter>
    </ClInclude>
    <ClInclude Include="sharder.h">
      <Filter>ヘッダー ファイル\component</Filter>
    </ClInclude>
    <ClInclude Include="transform.h">
      <Filter>ヘッダー ファイル\component</Filter>
    </ClInclude>
    <ClInclude Include="velocity.h">
      <Filter>ヘッダー ファイル\component</Filter>
    </ClInclude>
    <ClInclude Include="game.h">
      <Filter>ヘッダー ファイル</Filter>
    </ClInclude>
    <ClInclude Include="actor.h">
      <Filter>ヘッダー ファイル\baseclass</Filter>
    </ClInclude>
    <ClInclude Include="Polygon2D.h">
      <Filter>ヘッダー ファイル\baseclass</Filter>
    </ClInclude>
    <ClInclude Include="skydome.h">
      <Filter>ヘッダー ファイル\baseclass</Filter>
    </ClInclude>
    <ClInclude Include="scene.h">
      <Filter>ヘッダー ファイル\baseclass</Filter>
    </ClInclude>
    <ClInclude Include="title.h">
      <Filter>ヘッダー ファイル\scene</Filter>
    </ClInclude>
    <ClInclude Include="audio.h">
      <Filter>ヘッダー ファイル\system</Filter>
    </ClInclude>
    <ClInclude Include="input.h">
      <Filter>ヘッダー ファイル\system</Filter>
    </ClInclude>
    <ClInclude Include="title_skydome.h">
      <Filter>ヘッダー ファイル\skydome</Filter>
    </ClInclude>
    <ClInclude Include="title_background.h">
      <Filter>ヘッダー ファイル\polygon2D</Filter>
    </ClInclude>
    <ClInclude Include="title_camera.h">
      <Filter>ヘッダー ファイル\camera</Filter>
    </ClInclude>
    <ClInclude Include="camera.h">
      <Filter>ヘッダー ファイル\baseclass</Filter>
    </ClInclude>
    <ClInclude Include="component.h">
      <Filter>ヘッダー ファイル\component</Filter>
    </ClInclude>
    <ClInclude Include="player_camera.h">
      <Filter>ヘッダー ファイル\camera</Filter>
    </ClInclude>
    <ClInclude Include="game_skydome.h">
      <Filter>ヘッダー ファイル\skydome</Filter>
    </ClInclude>
    <ClInclude Include="otherplayer.h">
      <Filter>ヘッダー ファイル</Filter>
    </ClInclude>
    <ClInclude Include="network.h">
      <Filter>ヘッダー ファイル</Filter>
    </ClInclude>
    <ClInclude Include="udp_client.h">
      <Filter>ヘッダー ファイル</Filter>
    </ClInclude>
    <ClInclude Include="udp_server.h">
      <Filter>ヘッダー ファイル</Filter>
    </ClInclude>
    <ClInclude Include="option.h">
      <Filter>ヘッダー ファイル</Filter>
    </ClInclude>
    <ClInclude Include="animation.h">
      <Filter>ヘッダー ファイル\component</Filter>
    </ClInclude>
    <ClInclude Include="easing.h">
      <Filter>ヘッダー ファイル</Filter>
    </ClInclude>
    <ClInclude Include="enemybase.h">
      <Filter>ヘッダー ファイル\baseclass</Filter>
    </ClInclude>
    <ClInclude Include="job.h">
      <Filter>ヘッダー ファイル\baseclass</Filter>
    </ClInclude>
    <ClInclude Include="swordsman_job.h">
      <Filter>ヘッダー ファイル\component</Filter>
    </ClInclude>
    <ClInclude Include="modelRenderer.h">
      <Filter>ヘッダー ファイル\component</Filter>
    </ClInclude>
    <ClInclude Include="collision.h">
      <Filter>ヘッダー ファイル\component</Filter>
    </ClInclude>
    <ClInclude Include="firepillar.h">
      <Filter>ヘッダー ファイル</Filter>
    </ClInclude>
    <ClInclude Include="animationModel.h">
      <Filter>ヘッダー ファイル\component</Filter>
    </ClInclude>
    <ClInclude Include="particleEmiter.h">
      <Filter>ヘッダー ファイル\baseclass</Filter>
    </ClInclude>
    <ClInclude Include="billboard.h">
      <Filter>ヘッダー ファイル\component</Filter>
    </ClInclude>
    <ClInclude Include="fade.h">
      <Filter>ヘッダー ファイル</Filter>
    </ClInclude>
    <ClInclude Include="player_state.h">
      <Filter>ヘッダー ファイル\polygon2D</Filter>
    </ClInclude>
    <ClInclude Include="result.h">
      <Filter>ヘッダー ファイル\scene</Filter>
    </ClInclude>
    <ClInclude Include="resultbackground.h">
      <Filter>ヘッダー ファイル\polygon2D</Filter>
    </ClInclude>
    <ClInclude Include="gameover.h">
      <Filter>ヘッダー ファイル\scene</Filter>
    </ClInclude>
    <ClInclude Include="gameclear.h">
      <Filter>ヘッダー ファイル\scene</Filter>
    </ClInclude>
    <ClInclude Include="meshfiled.h">
      <Filter>ヘッダー ファイル\baseclass</Filter>
    </ClInclude>
    <ClInclude Include="tree.h">
      <Filter>ヘッダー ファイル\billboard</Filter>
    </ClInclude>
    <ClInclude Include="texturecacheManager.h">
      <Filter>ヘッダー ファイル</Filter>
    </ClInclude>
  </ItemGroup>
  <ItemGroup>
    <FxCompile Include="shader\common.hlsl">
      <Filter>リソース ファイル</Filter>
    </FxCompile>
    <FxCompile Include="shader\unlitTexturePS.hlsl">
      <Filter>リソース ファイル</Filter>
    </FxCompile>
    <FxCompile Include="shader\unlitTextureVS.hlsl">
      <Filter>リソース ファイル</Filter>
    </FxCompile>
    <FxCompile Include="billboadVS.hlsl">
      <Filter>リソース ファイル</Filter>
    </FxCompile>
    <FxCompile Include="billboadPS.hlsl">
      <Filter>リソース ファイル</Filter>
    </FxCompile>
  </ItemGroup>
</Project>